// !$*UTF8*$!
{
	archiveVersion = 1;
	classes = {
	};
	objectVersion = 46;
	objects = {

/* Begin PBXBuildFile section */
		1F5763351CAA4AA5004B4FDD /* main.cpp in Sources */ = {isa = PBXBuildFile; fileRef = 1F5763341CAA4AA5004B4FDD /* main.cpp */; };
		1F57633C1CAA4B0A004B4FDD /* Cocoa.framework in Frameworks */ = {isa = PBXBuildFile; fileRef = 1F57633B1CAA4B0A004B4FDD /* Cocoa.framework */; };
		1F57633E1CAA4B19004B4FDD /* OpenGL.framework in Frameworks */ = {isa = PBXBuildFile; fileRef = 1F57633D1CAA4B19004B4FDD /* OpenGL.framework */; };
		1F5763401CAA4B1F004B4FDD /* IOKit.framework in Frameworks */ = {isa = PBXBuildFile; fileRef = 1F57633F1CAA4B1F004B4FDD /* IOKit.framework */; };
		1F5763621CAA4E44004B4FDD /* gl3w.c in Sources */ = {isa = PBXBuildFile; fileRef = 1F57635D1CAA4E44004B4FDD /* gl3w.c */; };
		1F5763631CAA4E44004B4FDD /* sb6.cpp in Sources */ = {isa = PBXBuildFile; fileRef = 1F57635E1CAA4E44004B4FDD /* sb6.cpp */; };
		1F5763641CAA4E44004B4FDD /* sb6ktx.cpp in Sources */ = {isa = PBXBuildFile; fileRef = 1F57635F1CAA4E44004B4FDD /* sb6ktx.cpp */; };
		1F5763651CAA4E44004B4FDD /* sb6object.cpp in Sources */ = {isa = PBXBuildFile; fileRef = 1F5763601CAA4E44004B4FDD /* sb6object.cpp */; };
		1F5763661CAA4E44004B4FDD /* sb6shader.cpp in Sources */ = {isa = PBXBuildFile; fileRef = 1F5763611CAA4E44004B4FDD /* sb6shader.cpp */; };
		1F5763721CAA4F2B004B4FDD /* libglfw.a in Frameworks */ = {isa = PBXBuildFile; fileRef = 1F5763701CAA4F14004B4FDD /* libglfw.a */; };
		1F5763761CAA51E4004B4FDD /* libglfw.dylib in CopyFiles */ = {isa = PBXBuildFile; fileRef = 1F5763751CAA51E4004B4FDD /* libglfw.dylib */; settings = {ATTRIBUTES = (CodeSignOnCopy, ); }; };
/* End PBXBuildFile section */

/* Begin PBXCopyFilesBuildPhase section */
		1F5763741CAA517D004B4FDD /* CopyFiles */ = {
			isa = PBXCopyFilesBuildPhase;
			buildActionMask = 12;
			dstPath = "";
			dstSubfolderSpec = 6;
			files = (
				1F5763761CAA51E4004B4FDD /* libglfw.dylib in CopyFiles */,
			);
			runOnlyForDeploymentPostprocessing = 0;
		};
/* End PBXCopyFilesBuildPhase section */

/* Begin PBXFileReference section */
		1F5763311CAA4AA5004B4FDD /* OpenGLSample */ = {isa = PBXFileReference; explicitFileType = "compiled.mach-o.executable"; includeInIndex = 0; path = OpenGLSample; sourceTree = BUILT_PRODUCTS_DIR; };
		1F5763341CAA4AA5004B4FDD /* main.cpp */ = {isa = PBXFileReference; lastKnownFileType = sourcecode.cpp.cpp; path = main.cpp; sourceTree = "<group>"; };
		1F57633B1CAA4B0A004B4FDD /* Cocoa.framework */ = {isa = PBXFileReference; lastKnownFileType = wrapper.framework; name = Cocoa.framework; path = System/Library/Frameworks/Cocoa.framework; sourceTree = SDKROOT; };
		1F57633D1CAA4B19004B4FDD /* OpenGL.framework */ = {isa = PBXFileReference; lastKnownFileType = wrapper.framework; name = OpenGL.framework; path = System/Library/Frameworks/OpenGL.framework; sourceTree = SDKROOT; };
		1F57633F1CAA4B1F004B4FDD /* IOKit.framework */ = {isa = PBXFileReference; lastKnownFileType = wrapper.framework; name = IOKit.framework; path = System/Library/Frameworks/IOKit.framework; sourceTree = SDKROOT; };
		1F57635B1CAA4E26004B4FDD /* glfw.h */ = {isa = PBXFileReference; fileEncoding = 4; lastKnownFileType = sourcecode.c.h; path = glfw.h; sourceTree = "<group>"; };
		1F57635D1CAA4E44004B4FDD /* gl3w.c */ = {isa = PBXFileReference; fileEncoding = 4; lastKnownFileType = sourcecode.c.c; name = gl3w.c; path = sb6/gl3w.c; sourceTree = "<group>"; };
		1F57635E1CAA4E44004B4FDD /* sb6.cpp */ = {isa = PBXFileReference; fileEncoding = 4; lastKnownFileType = sourcecode.cpp.cpp; name = sb6.cpp; path = sb6/sb6.cpp; sourceTree = "<group>"; };
		1F57635F1CAA4E44004B4FDD /* sb6ktx.cpp */ = {isa = PBXFileReference; fileEncoding = 4; lastKnownFileType = sourcecode.cpp.cpp; name = sb6ktx.cpp; path = sb6/sb6ktx.cpp; sourceTree = "<group>"; };
		1F5763601CAA4E44004B4FDD /* sb6object.cpp */ = {isa = PBXFileReference; fileEncoding = 4; lastKnownFileType = sourcecode.cpp.cpp; name = sb6object.cpp; path = sb6/sb6object.cpp; sourceTree = "<group>"; };
		1F5763611CAA4E44004B4FDD /* sb6shader.cpp */ = {isa = PBXFileReference; fileEncoding = 4; lastKnownFileType = sourcecode.cpp.cpp; name = sb6shader.cpp; path = sb6/sb6shader.cpp; sourceTree = "<group>"; };
		1F5763671CAA4E93004B4FDD /* arcball.h */ = {isa = PBXFileReference; lastKnownFileType = sourcecode.c.h; name = arcball.h; path = include/arcball.h; sourceTree = "<group>"; };
		1F5763681CAA4E93004B4FDD /* object.h */ = {isa = PBXFileReference; lastKnownFileType = sourcecode.c.h; name = object.h; path = include/object.h; sourceTree = "<group>"; };
		1F5763691CAA4E93004B4FDD /* sb6.h */ = {isa = PBXFileReference; lastKnownFileType = sourcecode.c.h; name = sb6.h; path = include/sb6.h; sourceTree = "<group>"; };
		1F57636A1CAA4E93004B4FDD /* sb6ext.h */ = {isa = PBXFileReference; lastKnownFileType = sourcecode.c.h; name = sb6ext.h; path = include/sb6ext.h; sourceTree = "<group>"; };
		1F57636B1CAA4E93004B4FDD /* sb6ktx.h */ = {isa = PBXFileReference; lastKnownFileType = sourcecode.c.h; name = sb6ktx.h; path = include/sb6ktx.h; sourceTree = "<group>"; };
		1F57636C1CAA4E93004B4FDD /* sb6mfile.h */ = {isa = PBXFileReference; lastKnownFileType = sourcecode.c.h; name = sb6mfile.h; path = include/sb6mfile.h; sourceTree = "<group>"; };
		1F57636D1CAA4E93004B4FDD /* shader.h */ = {isa = PBXFileReference; lastKnownFileType = sourcecode.c.h; name = shader.h; path = include/shader.h; sourceTree = "<group>"; };
		1F57636E1CAA4E93004B4FDD /* vmath.h */ = {isa = PBXFileReference; lastKnownFileType = sourcecode.c.h; name = vmath.h; path = include/vmath.h; sourceTree = "<group>"; };
		1F5763701CAA4F14004B4FDD /* libglfw.a */ = {isa = PBXFileReference; lastKnownFileType = archive.ar; name = libglfw.a; path = lib/libglfw.a; sourceTree = "<group>"; };
		1F5763751CAA51E4004B4FDD /* libglfw.dylib */ = {isa = PBXFileReference; lastKnownFileType = "compiled.mach-o.dylib"; name = libglfw.dylib; path = OpenGLSample/lib/libglfw.dylib; sourceTree = "<group>"; };
/* End PBXFileReference section */

/* Begin PBXFrameworksBuildPhase section */
		1F57632E1CAA4AA5004B4FDD /* Frameworks */ = {
			isa = PBXFrameworksBuildPhase;
			buildActionMask = 2147483647;
			files = (
				1F5763721CAA4F2B004B4FDD /* libglfw.a in Frameworks */,
				1F5763401CAA4B1F004B4FDD /* IOKit.framework in Frameworks */,
				1F57633E1CAA4B19004B4FDD /* OpenGL.framework in Frameworks */,
				1F57633C1CAA4B0A004B4FDD /* Cocoa.framework in Frameworks */,
			);
			runOnlyForDeploymentPostprocessing = 0;
		};
/* End PBXFrameworksBuildPhase section */

/* Begin PBXGroup section */
		1F5763281CAA4AA5004B4FDD = {
			isa = PBXGroup;
			children = (
				1F5763751CAA51E4004B4FDD /* libglfw.dylib */,
				1F57633F1CAA4B1F004B4FDD /* IOKit.framework */,
				1F57633D1CAA4B19004B4FDD /* OpenGL.framework */,
				1F57633B1CAA4B0A004B4FDD /* Cocoa.framework */,
				1F5763331CAA4AA5004B4FDD /* OpenGLSample */,
				1F5763321CAA4AA5004B4FDD /* Products */,
			);
			sourceTree = "<group>";
		};
		1F5763321CAA4AA5004B4FDD /* Products */ = {
			isa = PBXGroup;
			children = (
				1F5763311CAA4AA5004B4FDD /* OpenGLSample */,
			);
			name = Products;
			sourceTree = "<group>";
		};
		1F5763331CAA4AA5004B4FDD /* OpenGLSample */ = {
			isa = PBXGroup;
			children = (
				1F57636F1CAA4EC2004B4FDD /* lib */,
				1F57635C1CAA4E2A004B4FDD /* sb6 */,
				1F5763591CAA4D9C004B4FDD /* include */,
				1F5763341CAA4AA5004B4FDD /* main.cpp */,
			);
			path = OpenGLSample;
			sourceTree = "<group>";
		};
		1F5763591CAA4D9C004B4FDD /* include */ = {
			isa = PBXGroup;
			children = (
				1F5763671CAA4E93004B4FDD /* arcball.h */,
				1F5763681CAA4E93004B4FDD /* object.h */,
				1F5763691CAA4E93004B4FDD /* sb6.h */,
				1F57636A1CAA4E93004B4FDD /* sb6ext.h */,
				1F57636B1CAA4E93004B4FDD /* sb6ktx.h */,
				1F57636C1CAA4E93004B4FDD /* sb6mfile.h */,
				1F57636D1CAA4E93004B4FDD /* shader.h */,
				1F57636E1CAA4E93004B4FDD /* vmath.h */,
				1F57635A1CAA4E26004B4FDD /* GL */,
			);
			name = include;
			sourceTree = "<group>";
		};
		1F57635A1CAA4E26004B4FDD /* GL */ = {
			isa = PBXGroup;
			children = (
				1F57635B1CAA4E26004B4FDD /* glfw.h */,
			);
			name = GL;
			path = include/GL;
			sourceTree = "<group>";
		};
		1F57635C1CAA4E2A004B4FDD /* sb6 */ = {
			isa = PBXGroup;
			children = (
				1F57635D1CAA4E44004B4FDD /* gl3w.c */,
				1F57635E1CAA4E44004B4FDD /* sb6.cpp */,
				1F57635F1CAA4E44004B4FDD /* sb6ktx.cpp */,
				1F5763601CAA4E44004B4FDD /* sb6object.cpp */,
				1F5763611CAA4E44004B4FDD /* sb6shader.cpp */,
			);
			name = sb6;
			sourceTree = "<group>";
		};
		1F57636F1CAA4EC2004B4FDD /* lib */ = {
			isa = PBXGroup;
			children = (
				1F5763701CAA4F14004B4FDD /* libglfw.a */,
			);
			name = lib;
			sourceTree = "<group>";
		};
/* End PBXGroup section */

/* Begin PBXNativeTarget section */
		1F5763301CAA4AA5004B4FDD /* OpenGLSample */ = {
			isa = PBXNativeTarget;
			buildConfigurationList = 1F5763381CAA4AA5004B4FDD /* Build configuration list for PBXNativeTarget "OpenGLSample" */;
			buildPhases = (
				1F57632D1CAA4AA5004B4FDD /* Sources */,
				1F57632E1CAA4AA5004B4FDD /* Frameworks */,
				1F5763741CAA517D004B4FDD /* CopyFiles */,
			);
			buildRules = (
			);
			dependencies = (
			);
			name = OpenGLSample;
			productName = OpenGLSample;
			productReference = 1F5763311CAA4AA5004B4FDD /* OpenGLSample */;
			productType = "com.apple.product-type.tool";
		};
/* End PBXNativeTarget section */

/* Begin PBXProject section */
		1F5763291CAA4AA5004B4FDD /* Project object */ = {
			isa = PBXProject;
			attributes = {
				LastUpgradeCheck = 0720;
				ORGANIZATIONNAME = "Hyunbok Lee";
				TargetAttributes = {
					1F5763301CAA4AA5004B4FDD = {
						CreatedOnToolsVersion = 7.2.1;
					};
				};
			};
			buildConfigurationList = 1F57632C1CAA4AA5004B4FDD /* Build configuration list for PBXProject "OpenGLSample" */;
			compatibilityVersion = "Xcode 3.2";
			developmentRegion = English;
			hasScannedForEncodings = 0;
			knownRegions = (
				en,
			);
			mainGroup = 1F5763281CAA4AA5004B4FDD;
			productRefGroup = 1F5763321CAA4AA5004B4FDD /* Products */;
			projectDirPath = "";
			projectRoot = "";
			targets = (
				1F5763301CAA4AA5004B4FDD /* OpenGLSample */,
			);
		};
/* End PBXProject section */

/* Begin PBXSourcesBuildPhase section */
		1F57632D1CAA4AA5004B4FDD /* Sources */ = {
			isa = PBXSourcesBuildPhase;
			buildActionMask = 2147483647;
			files = (
				1F5763631CAA4E44004B4FDD /* sb6.cpp in Sources */,
				1F5763641CAA4E44004B4FDD /* sb6ktx.cpp in Sources */,
				1F5763661CAA4E44004B4FDD /* sb6shader.cpp in Sources */,
				1F5763621CAA4E44004B4FDD /* gl3w.c in Sources */,
				1F5763351CAA4AA5004B4FDD /* main.cpp in Sources */,
				1F5763651CAA4E44004B4FDD /* sb6object.cpp in Sources */,
			);
			runOnlyForDeploymentPostprocessing = 0;
		};
/* End PBXSourcesBuildPhase section */

/* Begin XCBuildConfiguration section */
		1F5763361CAA4AA5004B4FDD /* Debug */ = {
			isa = XCBuildConfiguration;
			buildSettings = {
				ALWAYS_SEARCH_USER_PATHS = NO;
				CLANG_CXX_LANGUAGE_STANDARD = "gnu++0x";
				CLANG_CXX_LIBRARY = "libc++";
				CLANG_ENABLE_MODULES = YES;
				CLANG_ENABLE_OBJC_ARC = YES;
				CLANG_WARN_BOOL_CONVERSION = YES;
				CLANG_WARN_CONSTANT_CONVERSION = YES;
				CLANG_WARN_DIRECT_OBJC_ISA_USAGE = YES_ERROR;
				CLANG_WARN_EMPTY_BODY = YES;
				CLANG_WARN_ENUM_CONVERSION = YES;
				CLANG_WARN_INT_CONVERSION = YES;
				CLANG_WARN_OBJC_ROOT_CLASS = YES_ERROR;
				CLANG_WARN_UNREACHABLE_CODE = YES;
				CLANG_WARN__DUPLICATE_METHOD_MATCH = YES;
				CODE_SIGN_IDENTITY = "-";
				COPY_PHASE_STRIP = NO;
				DEBUG_INFORMATION_FORMAT = dwarf;
				ENABLE_STRICT_OBJC_MSGSEND = YES;
				ENABLE_TESTABILITY = YES;
				GCC_C_LANGUAGE_STANDARD = gnu99;
				GCC_DYNAMIC_NO_PIC = NO;
				GCC_NO_COMMON_BLOCKS = YES;
				GCC_OPTIMIZATION_LEVEL = 0;
				GCC_PREPROCESSOR_DEFINITIONS = (
					"DEBUG=1",
					"$(inherited)",
				);
				GCC_WARN_64_TO_32_BIT_CONVERSION = YES;
				GCC_WARN_ABOUT_RETURN_TYPE = YES_ERROR;
				GCC_WARN_UNDECLARED_SELECTOR = YES;
				GCC_WARN_UNINITIALIZED_AUTOS = YES_AGGRESSIVE;
				GCC_WARN_UNUSED_FUNCTION = YES;
				GCC_WARN_UNUSED_VARIABLE = YES;
				MACOSX_DEPLOYMENT_TARGET = 10.10;
				MTL_ENABLE_DEBUG_INFO = YES;
				ONLY_ACTIVE_ARCH = YES;
				SDKROOT = macosx;
			};
			name = Debug;
		};
		1F5763371CAA4AA5004B4FDD /* Release */ = {
			isa = XCBuildConfiguration;
			buildSettings = {
				ALWAYS_SEARCH_USER_PATHS = NO;
				CLANG_CXX_LANGUAGE_STANDARD = "gnu++0x";
				CLANG_CXX_LIBRARY = "libc++";
				CLANG_ENABLE_MODULES = YES;
				CLANG_ENABLE_OBJC_ARC = YES;
				CLANG_WARN_BOOL_CONVERSION = YES;
				CLANG_WARN_CONSTANT_CONVERSION = YES;
				CLANG_WARN_DIRECT_OBJC_ISA_USAGE = YES_ERROR;
				CLANG_WARN_EMPTY_BODY = YES;
				CLANG_WARN_ENUM_CONVERSION = YES;
				CLANG_WARN_INT_CONVERSION = YES;
				CLANG_WARN_OBJC_ROOT_CLASS = YES_ERROR;
				CLANG_WARN_UNREACHABLE_CODE = YES;
				CLANG_WARN__DUPLICATE_METHOD_MATCH = YES;
				CODE_SIGN_IDENTITY = "-";
				COPY_PHASE_STRIP = NO;
				DEBUG_INFORMATION_FORMAT = "dwarf-with-dsym";
				ENABLE_NS_ASSERTIONS = NO;
				ENABLE_STRICT_OBJC_MSGSEND = YES;
				GCC_C_LANGUAGE_STANDARD = gnu99;
				GCC_NO_COMMON_BLOCKS = YES;
				GCC_WARN_64_TO_32_BIT_CONVERSION = YES;
				GCC_WARN_ABOUT_RETURN_TYPE = YES_ERROR;
				GCC_WARN_UNDECLARED_SELECTOR = YES;
				GCC_WARN_UNINITIALIZED_AUTOS = YES_AGGRESSIVE;
				GCC_WARN_UNUSED_FUNCTION = YES;
				GCC_WARN_UNUSED_VARIABLE = YES;
				MACOSX_DEPLOYMENT_TARGET = 10.10;
				MTL_ENABLE_DEBUG_INFO = NO;
				SDKROOT = macosx;
			};
			name = Release;
		};
		1F5763391CAA4AA5004B4FDD /* Debug */ = {
			isa = XCBuildConfiguration;
			buildSettings = {
				HEADER_SEARCH_PATHS = "$(PROJECT_DIR)/OpenGLSample/include";
				LIBRARY_SEARCH_PATHS = (
					"$(inherited)",
					"$(PROJECT_DIR)/OpenGLSample/lib",
				);
				PRODUCT_NAME = "$(TARGET_NAME)";
			};
			name = Debug;
		};
		1F57633A1CAA4AA5004B4FDD /* Release */ = {
			isa = XCBuildConfiguration;
			buildSettings = {
				HEADER_SEARCH_PATHS = "$(PROJECT_DIR)/OpenGLSample/include";
				LIBRARY_SEARCH_PATHS = (
					"$(inherited)",
					"$(PROJECT_DIR)/OpenGLSample/lib",
				);
				PRODUCT_NAME = "$(TARGET_NAME)";
			};
			name = Release;
		};
/* End XCBuildConfiguration section */

/* Begin XCConfigurationList section */
		1F57632C1CAA4AA5004B4FDD /* Build configuration list for PBXProject "OpenGLSample" */ = {
			isa = XCConfigurationList;
			buildConfigurations = (
				1F5763361CAA4AA5004B4FDD /* Debug */,
				1F5763371CAA4AA5004B4FDD /* Release */,
			);
			defaultConfigurationIsVisible = 0;
			defaultConfigurationName = Release;
		};
		1F5763381CAA4AA5004B4FDD /* Build configuration list for PBXNativeTarget "OpenGLSample" */ = {
			isa = XCConfigurationList;
			buildConfigurations = (
				1F5763391CAA4AA5004B4FDD /* Debug */,
				1F57633A1CAA4AA5004B4FDD /* Release */,
			);
			defaultConfigurationIsVisible = 0;
			defaultConfigurationName = Release;
		};
/* End XCConfigurationList section */
	};
	rootObject = 1F5763291CAA4AA5004B4FDD /* Project object */;
}
